
Microsoft Visual Studio Solution File, Format Version 12.00
# Visual Studio Version 16
VisualStudioVersion = 16.0.29609.76
MinimumVisualStudioVersion = 10.0.40219.1
Project("{FAE04EC0-301F-11D3-BF4B-00C04F79EFBC}") = "WorkerServiceDemo", "WorkerServiceDemo\WorkerServiceDemo.csproj", "{6CE0E3D9-3D98-425B-865A-991030433A7E}"
EndProject
Global
	GlobalSection(SolutionConfigurationPlatforms) = preSolution
		Debug|Any CPU = Debug|Any CPU
		Release|Any CPU = Release|Any CPU
	EndGlobalSection
	GlobalSection(ProjectConfigurationPlatforms) = postSolution
		{6CE0E3D9-3D98-425B-865A-991030433A7E}.Debug|Any CPU.ActiveCfg = Debug|Any CPU
		{6CE0E3D9-3D98-425B-865A-991030433A7E}.Debug|Any CPU.Build.0 = Debug|Any CPU
		{6CE0E3D9-3D98-425B-865A-991030433A7E}.Release|Any CPU.ActiveCfg = Release|Any CPU
		{6CE0E3D9-3D98-425B-865A-991030433A7E}.Release|Any CPU.Build.0 = Release|Any CPU
	EndGlobalSection
	GlobalSection(SolutionProperties) = preSolution
		HideSolutionNode = FALSE
	EndGlobalSection
	GlobalSection(ExtensibilityGlobals) = postSolution
		SolutionGuid = {D075FF60-81B6-426D-9FFA-3D090DEF11B0}
	EndGlobalSection
EndGlobal
